// !$*UTF8*$!
{
	archiveVersion = 1;
	classes = {
	};
	objectVersion = 46;
	objects = {

/* Begin PBXBuildFile section */
		AF66271E1D4C3F0A00D71FAF /* main.m in Sources */ = {isa = PBXBuildFile; fileRef = AF66271D1D4C3F0A00D71FAF /* main.m */; };
		AF6627241D4C3F0A00D71FAF /* ViewController.m in Sources */ = {isa = PBXBuildFile; fileRef = AF6627231D4C3F0A00D71FAF /* ViewController.m */; };
		AF6627271D4C3F0A00D71FAF /* Main.storyboard in Resources */ = {isa = PBXBuildFile; fileRef = AF6627251D4C3F0A00D71FAF /* Main.storyboard */; };
		AF6627291D4C3F0A00D71FAF /* Assets.xcassets in Resources */ = {isa = PBXBuildFile; fileRef = AF6627281D4C3F0A00D71FAF /* Assets.xcassets */; };
		AF66272C1D4C3F0A00D71FAF /* LaunchScreen.storyboard in Resources */ = {isa = PBXBuildFile; fileRef = AF66272A1D4C3F0A00D71FAF /* LaunchScreen.storyboard */; };
		AF66273C1D4C419200D71FAF /* AppDelegate.m in Sources */ = {isa = PBXBuildFile; fileRef = AF6627351D4C419200D71FAF /* AppDelegate.m */; };
		AF66273F1D4C41CA00D71FAF /* BaseModel.m in Sources */ = {isa = PBXBuildFile; fileRef = AF66273E1D4C41CA00D71FAF /* BaseModel.m */; };
		AF7201DD20770B4D003ED4EC /* MGMBProgressHUD.m in Sources */ = {isa = PBXBuildFile; fileRef = AF7201DC20770B4D003ED4EC /* MGMBProgressHUD.m */; };
		AF8C77661D4C516D00965040 /* Coding-Standards.strings in Resources */ = {isa = PBXBuildFile; fileRef = AF8C77631D4C516D00965040 /* Coding-Standards.strings */; };
		AF8C77671D4C516D00965040 /* framework-instruction.strings in Resources */ = {isa = PBXBuildFile; fileRef = AF8C77641D4C516D00965040 /* framework-instruction.strings */; };
		AF8C77681D4C516D00965040 /* xcode-plug-in.strings in Resources */ = {isa = PBXBuildFile; fileRef = AF8C77651D4C516D00965040 /* xcode-plug-in.strings */; };
		AF8C776D1D4C54BD00965040 /* WriteLog.m in Sources */ = {isa = PBXBuildFile; fileRef = AF8C776C1D4C54BD00965040 /* WriteLog.m */; };
		AF8C77711D4C55C600965040 /* ClassFactory.m in Sources */ = {isa = PBXBuildFile; fileRef = AF8C77701D4C55C600965040 /* ClassFactory.m */; };
		AF8C77771D4C5A0A00965040 /* LocalManager.m in Sources */ = {isa = PBXBuildFile; fileRef = AF8C77761D4C5A0A00965040 /* LocalManager.m */; };
		AF8C777A1D4C5A1F00965040 /* NetManager.m in Sources */ = {isa = PBXBuildFile; fileRef = AF8C77791D4C5A1F00965040 /* NetManager.m */; };
		AF8CEC5A2076FAF10066889F /* Info.plist in Resources */ = {isa = PBXBuildFile; fileRef = AF8CEC442076FAF10066889F /* Info.plist */; };
		AF8CEC5B2076FAF10066889F /* MGExtensionConst.m in Sources */ = {isa = PBXBuildFile; fileRef = AF8CEC472076FAF10066889F /* MGExtensionConst.m */; };
		AF8CEC5C2076FAF10066889F /* MGFoundation.m in Sources */ = {isa = PBXBuildFile; fileRef = AF8CEC492076FAF10066889F /* MGFoundation.m */; };
		AF8CEC5D2076FAF10066889F /* MGProperty.m in Sources */ = {isa = PBXBuildFile; fileRef = AF8CEC4B2076FAF10066889F /* MGProperty.m */; };
		AF8CEC5E2076FAF10066889F /* MGPropertyKey.m in Sources */ = {isa = PBXBuildFile; fileRef = AF8CEC4D2076FAF10066889F /* MGPropertyKey.m */; };
		AF8CEC5F2076FAF10066889F /* MGPropertyType.m in Sources */ = {isa = PBXBuildFile; fileRef = AF8CEC4F2076FAF10066889F /* MGPropertyType.m */; };
		AF8CEC602076FAF10066889F /* NSObject+MGClass.m in Sources */ = {isa = PBXBuildFile; fileRef = AF8CEC512076FAF10066889F /* NSObject+MGClass.m */; };
		AF8CEC612076FAF10066889F /* NSObject+MGCoding.m in Sources */ = {isa = PBXBuildFile; fileRef = AF8CEC532076FAF10066889F /* NSObject+MGCoding.m */; };
		AF8CEC622076FAF10066889F /* NSObject+MGKeyValue.m in Sources */ = {isa = PBXBuildFile; fileRef = AF8CEC552076FAF10066889F /* NSObject+MGKeyValue.m */; };
		AF8CEC632076FAF10066889F /* NSObject+MGProperty.m in Sources */ = {isa = PBXBuildFile; fileRef = AF8CEC572076FAF10066889F /* NSObject+MGProperty.m */; };
		AF8CEC642076FAF10066889F /* NSString+MGExtension.m in Sources */ = {isa = PBXBuildFile; fileRef = AF8CEC592076FAF10066889F /* NSString+MGExtension.m */; };
		AF965340205B66930027F4B1 /* ViewControllerMode.m in Sources */ = {isa = PBXBuildFile; fileRef = AF96533F205B66930027F4B1 /* ViewControllerMode.m */; };
		AFB950382078709E00C2D96C /* MGYYCache.m in Sources */ = {isa = PBXBuildFile; fileRef = AFB950122078709D00C2D96C /* MGYYCache.m */; };
		AFB950392078709E00C2D96C /* MGYYDiskCache.m in Sources */ = {isa = PBXBuildFile; fileRef = AFB950142078709D00C2D96C /* MGYYDiskCache.m */; };
		AFB9503A2078709E00C2D96C /* MGYYKVStorage.m in Sources */ = {isa = PBXBuildFile; fileRef = AFB950162078709D00C2D96C /* MGYYKVStorage.m */; };
		AFB9503B2078709E00C2D96C /* MGYYMemoryCache.m in Sources */ = {isa = PBXBuildFile; fileRef = AFB950182078709D00C2D96C /* MGYYMemoryCache.m */; };
		AFB9503C2078709E00C2D96C /* _MGYYWebImageSetter.m in Sources */ = {isa = PBXBuildFile; fileRef = AFB9501B2078709D00C2D96C /* _MGYYWebImageSetter.m */; };
		AFB9503D2078709E00C2D96C /* CALayer+MGYYWebImage.m in Sources */ = {isa = PBXBuildFile; fileRef = AFB9501D2078709D00C2D96C /* CALayer+MGYYWebImage.m */; };
		AFB9503E2078709E00C2D96C /* MKAnnotationView+MGYYWebImage.m in Sources */ = {isa = PBXBuildFile; fileRef = AFB9501F2078709D00C2D96C /* MKAnnotationView+MGYYWebImage.m */; };
		AFB9503F2078709E00C2D96C /* UIButton+MGYYWebImage.m in Sources */ = {isa = PBXBuildFile; fileRef = AFB950212078709D00C2D96C /* UIButton+MGYYWebImage.m */; };
		AFB950402078709E00C2D96C /* UIImage+MGYYWebImage.m in Sources */ = {isa = PBXBuildFile; fileRef = AFB950232078709D00C2D96C /* UIImage+MGYYWebImage.m */; };
		AFB950412078709E00C2D96C /* UIImageView+MGYYWebImage.m in Sources */ = {isa = PBXBuildFile; fileRef = AFB950252078709D00C2D96C /* UIImageView+MGYYWebImage.m */; };
		AFB950422078709E00C2D96C /* MGYYAnimatedImageView.m in Sources */ = {isa = PBXBuildFile; fileRef = AFB950282078709D00C2D96C /* MGYYAnimatedImageView.m */; };
		AFB950432078709E00C2D96C /* MGYYFrameImage.m in Sources */ = {isa = PBXBuildFile; fileRef = AFB9502A2078709D00C2D96C /* MGYYFrameImage.m */; };
		AFB950442078709E00C2D96C /* MGYYImage.m in Sources */ = {isa = PBXBuildFile; fileRef = AFB9502C2078709D00C2D96C /* MGYYImage.m */; };
		AFB950452078709E00C2D96C /* MGYYImageCoder.m in Sources */ = {isa = PBXBuildFile; fileRef = AFB9502E2078709D00C2D96C /* MGYYImageCoder.m */; };
		AFB950462078709E00C2D96C /* MGYYSpriteSheetImage.m in Sources */ = {isa = PBXBuildFile; fileRef = AFB950302078709D00C2D96C /* MGYYSpriteSheetImage.m */; };
		AFB950472078709E00C2D96C /* MGYYImageCache.m in Sources */ = {isa = PBXBuildFile; fileRef = AFB950322078709D00C2D96C /* MGYYImageCache.m */; };
		AFB950482078709E00C2D96C /* MGYYWebImageManager.m in Sources */ = {isa = PBXBuildFile; fileRef = AFB950352078709D00C2D96C /* MGYYWebImageManager.m */; };
		AFB950492078709E00C2D96C /* MGYYWebImageOperation.m in Sources */ = {isa = PBXBuildFile; fileRef = AFB950372078709D00C2D96C /* MGYYWebImageOperation.m */; };
		AFB950A32078763F00C2D96C /* NSDate+MGAdd.m in Sources */ = {isa = PBXBuildFile; fileRef = AFB9507F2078763F00C2D96C /* NSDate+MGAdd.m */; };
		AFB950A42078763F00C2D96C /* NSData+MGAdd.m in Sources */ = {isa = PBXBuildFile; fileRef = AFB950822078763F00C2D96C /* NSData+MGAdd.m */; };
		AFB950A52078763F00C2D96C /* NSObject+MGAdd.m in Sources */ = {isa = PBXBuildFile; fileRef = AFB950852078763F00C2D96C /* NSObject+MGAdd.m */; };
		AFB950A62078763F00C2D96C /* NSTimer+MGAdd.m in Sources */ = {isa = PBXBuildFile; fileRef = AFB950882078763F00C2D96C /* NSTimer+MGAdd.m */; };
		AFB950A72078763F00C2D96C /* UIColor+Colours.m in Sources */ = {isa = PBXBuildFile; fileRef = AFB9508B2078763F00C2D96C /* UIColor+Colours.m */; };
		AFB950A82078763F00C2D96C /* UIImage+ImageComperssion.m in Sources */ = {isa = PBXBuildFile; fileRef = AFB9508E2078763F00C2D96C /* UIImage+ImageComperssion.m */; };
		AFB950A92078763F00C2D96C /* UIImageView+CornerRadius.m in Sources */ = {isa = PBXBuildFile; fileRef = AFB950902078763F00C2D96C /* UIImageView+CornerRadius.m */; };
		AFB950AA2078763F00C2D96C /* NSString+MGAdd.m in Sources */ = {isa = PBXBuildFile; fileRef = AFB950932078763F00C2D96C /* NSString+MGAdd.m */; };
		AFB950AB2078763F00C2D96C /* NSDictionary+MGAdd.m in Sources */ = {isa = PBXBuildFile; fileRef = AFB950962078763F00C2D96C /* NSDictionary+MGAdd.m */; };
		AFB950AC2078763F00C2D96C /* UIButton+imagePosition.m in Sources */ = {isa = PBXBuildFile; fileRef = AFB950992078763F00C2D96C /* UIButton+imagePosition.m */; };
		AFB950AD2078763F00C2D96C /* NSArray+MGAdd.m in Sources */ = {isa = PBXBuildFile; fileRef = AFB9509C2078763F00C2D96C /* NSArray+MGAdd.m */; };
		AFB950AF2078763F00C2D96C /* NSNotificationCenter+MGAdd.m in Sources */ = {isa = PBXBuildFile; fileRef = AFB950A22078763F00C2D96C /* NSNotificationCenter+MGAdd.m */; };
		AFB950BF20787A8400C2D96C /* UIDevice+MGAdd.m in Sources */ = {isa = PBXBuildFile; fileRef = AFB950BB20787A8400C2D96C /* UIDevice+MGAdd.m */; };
		AFB950C020787A8400C2D96C /* NSNumber+MGAdd.m in Sources */ = {isa = PBXBuildFile; fileRef = AFB950BE20787A8400C2D96C /* NSNumber+MGAdd.m */; };
		AFB950C820787BC100C2D96C /* MGYYAsyncLayer.m in Sources */ = {isa = PBXBuildFile; fileRef = AFB950C320787BC100C2D96C /* MGYYAsyncLayer.m */; };
		AFB950C920787BC100C2D96C /* MGYYSentinel.m in Sources */ = {isa = PBXBuildFile; fileRef = AFB950C520787BC100C2D96C /* MGYYSentinel.m */; };
		AFB950CA20787BC100C2D96C /* MGYYTransaction.m in Sources */ = {isa = PBXBuildFile; fileRef = AFB950C720787BC100C2D96C /* MGYYTransaction.m */; };
		AFD08D5F1D52C76500AE00AF /* CWBFrameworkUITests.m in Sources */ = {isa = PBXBuildFile; fileRef = AFD08D5E1D52C76500AE00AF /* CWBFrameworkUITests.m */; };
		AFD08D6D1D52C77C00AE00AF /* CWBFrameworkTests.m in Sources */ = {isa = PBXBuildFile; fileRef = AFD08D6C1D52C77C00AE00AF /* CWBFrameworkTests.m */; };
/* End PBXBuildFile section */

/* Begin PBXContainerItemProxy section */
		AFD08D611D52C76500AE00AF /* PBXContainerItemProxy */ = {
			isa = PBXContainerItemProxy;
			containerPortal = AF6627111D4C3F0A00D71FAF /* Project object */;
			proxyType = 1;
			remoteGlobalIDString = AF6627181D4C3F0A00D71FAF;
			remoteInfo = CWBFramework;
		};
		AFD08D6F1D52C77C00AE00AF /* PBXContainerItemProxy */ = {
			isa = PBXContainerItemProxy;
			containerPortal = AF6627111D4C3F0A00D71FAF /* Project object */;
			proxyType = 1;
			remoteGlobalIDString = AF6627181D4C3F0A00D71FAF;
			remoteInfo = CWBFramework;
		};
/* End PBXContainerItemProxy section */

/* Begin PBXFileReference section */
		AF6627191D4C3F0A00D71FAF /* CWBFramework.app */ = {isa = PBXFileReference; explicitFileType = wrapper.application; includeInIndex = 0; path = CWBFramework.app; sourceTree = BUILT_PRODUCTS_DIR; };
		AF66271D1D4C3F0A00D71FAF /* main.m */ = {isa = PBXFileReference; lastKnownFileType = sourcecode.c.objc; path = main.m; sourceTree = "<group>"; };
		AF6627221D4C3F0A00D71FAF /* ViewController.h */ = {isa = PBXFileReference; lastKnownFileType = sourcecode.c.h; path = ViewController.h; sourceTree = "<group>"; };
		AF6627231D4C3F0A00D71FAF /* ViewController.m */ = {isa = PBXFileReference; lastKnownFileType = sourcecode.c.objc; path = ViewController.m; sourceTree = "<group>"; };
		AF6627261D4C3F0A00D71FAF /* Base */ = {isa = PBXFileReference; lastKnownFileType = file.storyboard; name = Base; path = Base.lproj/Main.storyboard; sourceTree = "<group>"; };
		AF6627281D4C3F0A00D71FAF /* Assets.xcassets */ = {isa = PBXFileReference; lastKnownFileType = folder.assetcatalog; path = Assets.xcassets; sourceTree = "<group>"; };
		AF66272B1D4C3F0A00D71FAF /* Base */ = {isa = PBXFileReference; lastKnownFileType = file.storyboard; name = Base; path = Base.lproj/LaunchScreen.storyboard; sourceTree = "<group>"; };
		AF66272D1D4C3F0A00D71FAF /* Info.plist */ = {isa = PBXFileReference; lastKnownFileType = text.plist.xml; path = Info.plist; sourceTree = "<group>"; };
		AF6627341D4C419200D71FAF /* AppDelegate.h */ = {isa = PBXFileReference; fileEncoding = 4; lastKnownFileType = sourcecode.c.h; path = AppDelegate.h; sourceTree = "<group>"; };
		AF6627351D4C419200D71FAF /* AppDelegate.m */ = {isa = PBXFileReference; fileEncoding = 4; lastKnownFileType = sourcecode.c.objc; path = AppDelegate.m; sourceTree = "<group>"; };
		AF66273D1D4C41CA00D71FAF /* BaseModel.h */ = {isa = PBXFileReference; fileEncoding = 4; lastKnownFileType = sourcecode.c.h; path = BaseModel.h; sourceTree = "<group>"; };
		AF66273E1D4C41CA00D71FAF /* BaseModel.m */ = {isa = PBXFileReference; fileEncoding = 4; lastKnownFileType = sourcecode.c.objc; path = BaseModel.m; sourceTree = "<group>"; };
		AF6627401D4C41F400D71FAF /* AppMacro.h */ = {isa = PBXFileReference; fileEncoding = 4; lastKnownFileType = sourcecode.c.h; path = AppMacro.h; sourceTree = "<group>"; };
		AF6627411D4C420B00D71FAF /* NotificationMacro.h */ = {isa = PBXFileReference; lastKnownFileType = sourcecode.c.h; path = NotificationMacro.h; sourceTree = "<group>"; };
		AF6627421D4C421900D71FAF /* VendorMacro.h */ = {isa = PBXFileReference; lastKnownFileType = sourcecode.c.h; path = VendorMacro.h; sourceTree = "<group>"; };
		AF6627431D4C422900D71FAF /* UtilsMacro.h */ = {isa = PBXFileReference; lastKnownFileType = sourcecode.c.h; path = UtilsMacro.h; sourceTree = "<group>"; };
		AF7201DB20770B4D003ED4EC /* MGMBProgressHUD.h */ = {isa = PBXFileReference; fileEncoding = 4; lastKnownFileType = sourcecode.c.h; path = MGMBProgressHUD.h; sourceTree = "<group>"; };
		AF7201DC20770B4D003ED4EC /* MGMBProgressHUD.m */ = {isa = PBXFileReference; fileEncoding = 4; lastKnownFileType = sourcecode.c.objc; path = MGMBProgressHUD.m; sourceTree = "<group>"; };
		AF8C77631D4C516D00965040 /* Coding-Standards.strings */ = {isa = PBXFileReference; fileEncoding = 4; lastKnownFileType = text.plist.strings; path = "Coding-Standards.strings"; sourceTree = "<group>"; };
		AF8C77641D4C516D00965040 /* framework-instruction.strings */ = {isa = PBXFileReference; fileEncoding = 4; lastKnownFileType = text.plist.strings; path = "framework-instruction.strings"; sourceTree = "<group>"; };
		AF8C77651D4C516D00965040 /* xcode-plug-in.strings */ = {isa = PBXFileReference; fileEncoding = 4; lastKnownFileType = text.plist.strings; path = "xcode-plug-in.strings"; sourceTree = "<group>"; };
		AF8C776B1D4C54BD00965040 /* WriteLog.h */ = {isa = PBXFileReference; fileEncoding = 4; lastKnownFileType = sourcecode.c.h; path = WriteLog.h; sourceTree = "<group>"; };
		AF8C776C1D4C54BD00965040 /* WriteLog.m */ = {isa = PBXFileReference; fileEncoding = 4; lastKnownFileType = sourcecode.c.objc; path = WriteLog.m; sourceTree = "<group>"; };
		AF8C776F1D4C55C600965040 /* ClassFactory.h */ = {isa = PBXFileReference; fileEncoding = 4; lastKnownFileType = sourcecode.c.h; path = ClassFactory.h; sourceTree = "<group>"; };
		AF8C77701D4C55C600965040 /* ClassFactory.m */ = {isa = PBXFileReference; fileEncoding = 4; lastKnownFileType = sourcecode.c.objc; path = ClassFactory.m; sourceTree = "<group>"; };
		AF8C77751D4C5A0A00965040 /* LocalManager.h */ = {isa = PBXFileReference; fileEncoding = 4; lastKnownFileType = sourcecode.c.h; path = LocalManager.h; sourceTree = "<group>"; };
		AF8C77761D4C5A0A00965040 /* LocalManager.m */ = {isa = PBXFileReference; fileEncoding = 4; lastKnownFileType = sourcecode.c.objc; path = LocalManager.m; sourceTree = "<group>"; };
		AF8C77781D4C5A1F00965040 /* NetManager.h */ = {isa = PBXFileReference; fileEncoding = 4; lastKnownFileType = sourcecode.c.h; path = NetManager.h; sourceTree = "<group>"; };
		AF8C77791D4C5A1F00965040 /* NetManager.m */ = {isa = PBXFileReference; fileEncoding = 4; lastKnownFileType = sourcecode.c.objc; path = NetManager.m; sourceTree = "<group>"; };
		AF8CEC442076FAF10066889F /* Info.plist */ = {isa = PBXFileReference; fileEncoding = 4; lastKnownFileType = text.plist.xml; path = Info.plist; sourceTree = "<group>"; };
		AF8CEC452076FAF10066889F /* MGExtension.h */ = {isa = PBXFileReference; fileEncoding = 4; lastKnownFileType = sourcecode.c.h; path = MGExtension.h; sourceTree = "<group>"; };
		AF8CEC462076FAF10066889F /* MGExtensionConst.h */ = {isa = PBXFileReference; fileEncoding = 4; lastKnownFileType = sourcecode.c.h; path = MGExtensionConst.h; sourceTree = "<group>"; };
		AF8CEC472076FAF10066889F /* MGExtensionConst.m */ = {isa = PBXFileReference; fileEncoding = 4; lastKnownFileType = sourcecode.c.objc; path = MGExtensionConst.m; sourceTree = "<group>"; };
		AF8CEC482076FAF10066889F /* MGFoundation.h */ = {isa = PBXFileReference; fileEncoding = 4; lastKnownFileType = sourcecode.c.h; path = MGFoundation.h; sourceTree = "<group>"; };
		AF8CEC492076FAF10066889F /* MGFoundation.m */ = {isa = PBXFileReference; fileEncoding = 4; lastKnownFileType = sourcecode.c.objc; path = MGFoundation.m; sourceTree = "<group>"; };
		AF8CEC4A2076FAF10066889F /* MGProperty.h */ = {isa = PBXFileReference; fileEncoding = 4; lastKnownFileType = sourcecode.c.h; path = MGProperty.h; sourceTree = "<group>"; };
		AF8CEC4B2076FAF10066889F /* MGProperty.m */ = {isa = PBXFileReference; fileEncoding = 4; lastKnownFileType = sourcecode.c.objc; path = MGProperty.m; sourceTree = "<group>"; };
		AF8CEC4C2076FAF10066889F /* MGPropertyKey.h */ = {isa = PBXFileReference; fileEncoding = 4; lastKnownFileType = sourcecode.c.h; path = MGPropertyKey.h; sourceTree = "<group>"; };
		AF8CEC4D2076FAF10066889F /* MGPropertyKey.m */ = {isa = PBXFileReference; fileEncoding = 4; lastKnownFileType = sourcecode.c.objc; path = MGPropertyKey.m; sourceTree = "<group>"; };
		AF8CEC4E2076FAF10066889F /* MGPropertyType.h */ = {isa = PBXFileReference; fileEncoding = 4; lastKnownFileType = sourcecode.c.h; path = MGPropertyType.h; sourceTree = "<group>"; };
		AF8CEC4F2076FAF10066889F /* MGPropertyType.m */ = {isa = PBXFileReference; fileEncoding = 4; lastKnownFileType = sourcecode.c.objc; path = MGPropertyType.m; sourceTree = "<group>"; };
		AF8CEC502076FAF10066889F /* NSObject+MGClass.h */ = {isa = PBXFileReference; fileEncoding = 4; lastKnownFileType = sourcecode.c.h; path = "NSObject+MGClass.h"; sourceTree = "<group>"; };
		AF8CEC512076FAF10066889F /* NSObject+MGClass.m */ = {isa = PBXFileReference; fileEncoding = 4; lastKnownFileType = sourcecode.c.objc; path = "NSObject+MGClass.m"; sourceTree = "<group>"; };
		AF8CEC522076FAF10066889F /* NSObject+MGCoding.h */ = {isa = PBXFileReference; fileEncoding = 4; lastKnownFileType = sourcecode.c.h; path = "NSObject+MGCoding.h"; sourceTree = "<group>"; };
		AF8CEC532076FAF10066889F /* NSObject+MGCoding.m */ = {isa = PBXFileReference; fileEncoding = 4; lastKnownFileType = sourcecode.c.objc; path = "NSObject+MGCoding.m"; sourceTree = "<group>"; };
		AF8CEC542076FAF10066889F /* NSObject+MGKeyValue.h */ = {isa = PBXFileReference; fileEncoding = 4; lastKnownFileType = sourcecode.c.h; path = "NSObject+MGKeyValue.h"; sourceTree = "<group>"; };
		AF8CEC552076FAF10066889F /* NSObject+MGKeyValue.m */ = {isa = PBXFileReference; fileEncoding = 4; lastKnownFileType = sourcecode.c.objc; path = "NSObject+MGKeyValue.m"; sourceTree = "<group>"; };
		AF8CEC562076FAF10066889F /* NSObject+MGProperty.h */ = {isa = PBXFileReference; fileEncoding = 4; lastKnownFileType = sourcecode.c.h; path = "NSObject+MGProperty.h"; sourceTree = "<group>"; };
		AF8CEC572076FAF10066889F /* NSObject+MGProperty.m */ = {isa = PBXFileReference; fileEncoding = 4; lastKnownFileType = sourcecode.c.objc; path = "NSObject+MGProperty.m"; sourceTree = "<group>"; };
		AF8CEC582076FAF10066889F /* NSString+MGExtension.h */ = {isa = PBXFileReference; fileEncoding = 4; lastKnownFileType = sourcecode.c.h; path = "NSString+MGExtension.h"; sourceTree = "<group>"; };
		AF8CEC592076FAF10066889F /* NSString+MGExtension.m */ = {isa = PBXFileReference; fileEncoding = 4; lastKnownFileType = sourcecode.c.objc; path = "NSString+MGExtension.m"; sourceTree = "<group>"; };
		AF96533E205B66930027F4B1 /* ViewControllerMode.h */ = {isa = PBXFileReference; lastKnownFileType = sourcecode.c.h; path = ViewControllerMode.h; sourceTree = "<group>"; };
		AF96533F205B66930027F4B1 /* ViewControllerMode.m */ = {isa = PBXFileReference; lastKnownFileType = sourcecode.c.objc; path = ViewControllerMode.m; sourceTree = "<group>"; };
		AFA798971D4EDE2800BD74E9 /* globalHeader.pch */ = {isa = PBXFileReference; lastKnownFileType = sourcecode.c.h; path = globalHeader.pch; sourceTree = "<group>"; };
		AFB950112078709D00C2D96C /* MGYYCache.h */ = {isa = PBXFileReference; fileEncoding = 4; lastKnownFileType = sourcecode.c.h; path = MGYYCache.h; sourceTree = "<group>"; };
		AFB950122078709D00C2D96C /* MGYYCache.m */ = {isa = PBXFileReference; fileEncoding = 4; lastKnownFileType = sourcecode.c.objc; path = MGYYCache.m; sourceTree = "<group>"; };
		AFB950132078709D00C2D96C /* MGYYDiskCache.h */ = {isa = PBXFileReference; fileEncoding = 4; lastKnownFileType = sourcecode.c.h; path = MGYYDiskCache.h; sourceTree = "<group>"; };
		AFB950142078709D00C2D96C /* MGYYDiskCache.m */ = {isa = PBXFileReference; fileEncoding = 4; lastKnownFileType = sourcecode.c.objc; path = MGYYDiskCache.m; sourceTree = "<group>"; };
		AFB950152078709D00C2D96C /* MGYYKVStorage.h */ = {isa = PBXFileReference; fileEncoding = 4; lastKnownFileType = sourcecode.c.h; path = MGYYKVStorage.h; sourceTree = "<group>"; };
		AFB950162078709D00C2D96C /* MGYYKVStorage.m */ = {isa = PBXFileReference; fileEncoding = 4; lastKnownFileType = sourcecode.c.objc; path = MGYYKVStorage.m; sourceTree = "<group>"; };
		AFB950172078709D00C2D96C /* MGYYMemoryCache.h */ = {isa = PBXFileReference; fileEncoding = 4; lastKnownFileType = sourcecode.c.h; path = MGYYMemoryCache.h; sourceTree = "<group>"; };
		AFB950182078709D00C2D96C /* MGYYMemoryCache.m */ = {isa = PBXFileReference; fileEncoding = 4; lastKnownFileType = sourcecode.c.objc; path = MGYYMemoryCache.m; sourceTree = "<group>"; };
		AFB9501A2078709D00C2D96C /* _MGYYWebImageSetter.h */ = {isa = PBXFileReference; fileEncoding = 4; lastKnownFileType = sourcecode.c.h; path = _MGYYWebImageSetter.h; sourceTree = "<group>"; };
		AFB9501B2078709D00C2D96C /* _MGYYWebImageSetter.m */ = {isa = PBXFileReference; fileEncoding = 4; lastKnownFileType = sourcecode.c.objc; path = _MGYYWebImageSetter.m; sourceTree = "<group>"; };
		AFB9501C2078709D00C2D96C /* CALayer+MGYYWebImage.h */ = {isa = PBXFileReference; fileEncoding = 4; lastKnownFileType = sourcecode.c.h; path = "CALayer+MGYYWebImage.h"; sourceTree = "<group>"; };
		AFB9501D2078709D00C2D96C /* CALayer+MGYYWebImage.m */ = {isa = PBXFileReference; fileEncoding = 4; lastKnownFileType = sourcecode.c.objc; path = "CALayer+MGYYWebImage.m"; sourceTree = "<group>"; };
		AFB9501E2078709D00C2D96C /* MKAnnotationView+MGYYWebImage.h */ = {isa = PBXFileReference; fileEncoding = 4; lastKnownFileType = sourcecode.c.h; path = "MKAnnotationView+MGYYWebImage.h"; sourceTree = "<group>"; };
		AFB9501F2078709D00C2D96C /* MKAnnotationView+MGYYWebImage.m */ = {isa = PBXFileReference; fileEncoding = 4; lastKnownFileType = sourcecode.c.objc; path = "MKAnnotationView+MGYYWebImage.m"; sourceTree = "<group>"; };
		AFB950202078709D00C2D96C /* UIButton+MGYYWebImage.h */ = {isa = PBXFileReference; fileEncoding = 4; lastKnownFileType = sourcecode.c.h; path = "UIButton+MGYYWebImage.h"; sourceTree = "<group>"; };
		AFB950212078709D00C2D96C /* UIButton+MGYYWebImage.m */ = {isa = PBXFileReference; fileEncoding = 4; lastKnownFileType = sourcecode.c.objc; path = "UIButton+MGYYWebImage.m"; sourceTree = "<group>"; };
		AFB950222078709D00C2D96C /* UIImage+MGYYWebImage.h */ = {isa = PBXFileReference; fileEncoding = 4; lastKnownFileType = sourcecode.c.h; path = "UIImage+MGYYWebImage.h"; sourceTree = "<group>"; };
		AFB950232078709D00C2D96C /* UIImage+MGYYWebImage.m */ = {isa = PBXFileReference; fileEncoding = 4; lastKnownFileType = sourcecode.c.objc; path = "UIImage+MGYYWebImage.m"; sourceTree = "<group>"; };
		AFB950242078709D00C2D96C /* UIImageView+MGYYWebImage.h */ = {isa = PBXFileReference; fileEncoding = 4; lastKnownFileType = sourcecode.c.h; path = "UIImageView+MGYYWebImage.h"; sourceTree = "<group>"; };
		AFB950252078709D00C2D96C /* UIImageView+MGYYWebImage.m */ = {isa = PBXFileReference; fileEncoding = 4; lastKnownFileType = sourcecode.c.objc; path = "UIImageView+MGYYWebImage.m"; sourceTree = "<group>"; };
		AFB950272078709D00C2D96C /* MGYYAnimatedImageView.h */ = {isa = PBXFileReference; fileEncoding = 4; lastKnownFileType = sourcecode.c.h; path = MGYYAnimatedImageView.h; sourceTree = "<group>"; };
		AFB950282078709D00C2D96C /* MGYYAnimatedImageView.m */ = {isa = PBXFileReference; fileEncoding = 4; lastKnownFileType = sourcecode.c.objc; path = MGYYAnimatedImageView.m; sourceTree = "<group>"; };
		AFB950292078709D00C2D96C /* MGYYFrameImage.h */ = {isa = PBXFileReference; fileEncoding = 4; lastKnownFileType = sourcecode.c.h; path = MGYYFrameImage.h; sourceTree = "<group>"; };
		AFB9502A2078709D00C2D96C /* MGYYFrameImage.m */ = {isa = PBXFileReference; fileEncoding = 4; lastKnownFileType = sourcecode.c.objc; path = MGYYFrameImage.m; sourceTree = "<group>"; };
		AFB9502B2078709D00C2D96C /* MGYYImage.h */ = {isa = PBXFileReference; fileEncoding = 4; lastKnownFileType = sourcecode.c.h; path = MGYYImage.h; sourceTree = "<group>"; };
		AFB9502C2078709D00C2D96C /* MGYYImage.m */ = {isa = PBXFileReference; fileEncoding = 4; lastKnownFileType = sourcecode.c.objc; path = MGYYImage.m; sourceTree = "<group>"; };
		AFB9502D2078709D00C2D96C /* MGYYImageCoder.h */ = {isa = PBXFileReference; fileEncoding = 4; lastKnownFileType = sourcecode.c.h; path = MGYYImageCoder.h; sourceTree = "<group>"; };
		AFB9502E2078709D00C2D96C /* MGYYImageCoder.m */ = {isa = PBXFileReference; fileEncoding = 4; lastKnownFileType = sourcecode.c.objc; path = MGYYImageCoder.m; sourceTree = "<group>"; };
		AFB9502F2078709D00C2D96C /* MGYYSpriteSheetImage.h */ = {isa = PBXFileReference; fileEncoding = 4; lastKnownFileType = sourcecode.c.h; path = MGYYSpriteSheetImage.h; sourceTree = "<group>"; };
		AFB950302078709D00C2D96C /* MGYYSpriteSheetImage.m */ = {isa = PBXFileReference; fileEncoding = 4; lastKnownFileType = sourcecode.c.objc; path = MGYYSpriteSheetImage.m; sourceTree = "<group>"; };
		AFB950312078709D00C2D96C /* MGYYImageCache.h */ = {isa = PBXFileReference; fileEncoding = 4; lastKnownFileType = sourcecode.c.h; path = MGYYImageCache.h; sourceTree = "<group>"; };
		AFB950322078709D00C2D96C /* MGYYImageCache.m */ = {isa = PBXFileReference; fileEncoding = 4; lastKnownFileType = sourcecode.c.objc; path = MGYYImageCache.m; sourceTree = "<group>"; };
		AFB950332078709D00C2D96C /* MGYYWebImage.h */ = {isa = PBXFileReference; fileEncoding = 4; lastKnownFileType = sourcecode.c.h; path = MGYYWebImage.h; sourceTree = "<group>"; };
		AFB950342078709D00C2D96C /* MGYYWebImageManager.h */ = {isa = PBXFileReference; fileEncoding = 4; lastKnownFileType = sourcecode.c.h; path = MGYYWebImageManager.h; sourceTree = "<group>"; };
		AFB950352078709D00C2D96C /* MGYYWebImageManager.m */ = {isa = PBXFileReference; fileEncoding = 4; lastKnownFileType = sourcecode.c.objc; path = MGYYWebImageManager.m; sourceTree = "<group>"; };
		AFB950362078709D00C2D96C /* MGYYWebImageOperation.h */ = {isa = PBXFileReference; fileEncoding = 4; lastKnownFileType = sourcecode.c.h; path = MGYYWebImageOperation.h; sourceTree = "<group>"; };
		AFB950372078709D00C2D96C /* MGYYWebImageOperation.m */ = {isa = PBXFileReference; fileEncoding = 4; lastKnownFileType = sourcecode.c.objc; path = MGYYWebImageOperation.m; sourceTree = "<group>"; };
		AFB9507E2078763F00C2D96C /* NSDate+MGAdd.h */ = {isa = PBXFileReference; fileEncoding = 4; lastKnownFileType = sourcecode.c.h; path = "NSDate+MGAdd.h"; sourceTree = "<group>"; };
		AFB9507F2078763F00C2D96C /* NSDate+MGAdd.m */ = {isa = PBXFileReference; fileEncoding = 4; lastKnownFileType = sourcecode.c.objc; path = "NSDate+MGAdd.m"; sourceTree = "<group>"; };
		AFB950812078763F00C2D96C /* NSData+MGAdd.h */ = {isa = PBXFileReference; fileEncoding = 4; lastKnownFileType = sourcecode.c.h; path = "NSData+MGAdd.h"; sourceTree = "<group>"; };
		AFB950822078763F00C2D96C /* NSData+MGAdd.m */ = {isa = PBXFileReference; fileEncoding = 4; lastKnownFileType = sourcecode.c.objc; path = "NSData+MGAdd.m"; sourceTree = "<group>"; };
		AFB950842078763F00C2D96C /* NSObject+MGAdd.h */ = {isa = PBXFileReference; fileEncoding = 4; lastKnownFileType = sourcecode.c.h; path = "NSObject+MGAdd.h"; sourceTree = "<group>"; };
		AFB950852078763F00C2D96C /* NSObject+MGAdd.m */ = {isa = PBXFileReference; fileEncoding = 4; lastKnownFileType = sourcecode.c.objc; path = "NSObject+MGAdd.m"; sourceTree = "<group>"; };
		AFB950872078763F00C2D96C /* NSTimer+MGAdd.h */ = {isa = PBXFileReference; fileEncoding = 4; lastKnownFileType = sourcecode.c.h; path = "NSTimer+MGAdd.h"; sourceTree = "<group>"; };
		AFB950882078763F00C2D96C /* NSTimer+MGAdd.m */ = {isa = PBXFileReference; fileEncoding = 4; lastKnownFileType = sourcecode.c.objc; path = "NSTimer+MGAdd.m"; sourceTree = "<group>"; };
		AFB9508A2078763F00C2D96C /* UIColor+Colours.h */ = {isa = PBXFileReference; fileEncoding = 4; lastKnownFileType = sourcecode.c.h; path = "UIColor+Colours.h"; sourceTree = "<group>"; };
		AFB9508B2078763F00C2D96C /* UIColor+Colours.m */ = {isa = PBXFileReference; fileEncoding = 4; lastKnownFileType = sourcecode.c.objc; path = "UIColor+Colours.m"; sourceTree = "<group>"; };
		AFB9508D2078763F00C2D96C /* UIImage+ImageComperssion.h */ = {isa = PBXFileReference; fileEncoding = 4; lastKnownFileType = sourcecode.c.h; path = "UIImage+ImageComperssion.h"; sourceTree = "<group>"; };
		AFB9508E2078763F00C2D96C /* UIImage+ImageComperssion.m */ = {isa = PBXFileReference; fileEncoding = 4; lastKnownFileType = sourcecode.c.objc; path = "UIImage+ImageComperssion.m"; sourceTree = "<group>"; };
		AFB9508F2078763F00C2D96C /* UIImageView+CornerRadius.h */ = {isa = PBXFileReference; fileEncoding = 4; lastKnownFileType = sourcecode.c.h; path = "UIImageView+CornerRadius.h"; sourceTree = "<group>"; };
		AFB950902078763F00C2D96C /* UIImageView+CornerRadius.m */ = {isa = PBXFileReference; fileEncoding = 4; lastKnownFileType = sourcecode.c.objc; path = "UIImageView+CornerRadius.m"; sourceTree = "<group>"; };
		AFB950922078763F00C2D96C /* NSString+MGAdd.h */ = {isa = PBXFileReference; fileEncoding = 4; lastKnownFileType = sourcecode.c.h; path = "NSString+MGAdd.h"; sourceTree = "<group>"; };
		AFB950932078763F00C2D96C /* NSString+MGAdd.m */ = {isa = PBXFileReference; fileEncoding = 4; lastKnownFileType = sourcecode.c.objc; path = "NSString+MGAdd.m"; sourceTree = "<group>"; };
		AFB950952078763F00C2D96C /* NSDictionary+MGAdd.h */ = {isa = PBXFileReference; fileEncoding = 4; lastKnownFileType = sourcecode.c.h; path = "NSDictionary+MGAdd.h"; sourceTree = "<group>"; };
		AFB950962078763F00C2D96C /* NSDictionary+MGAdd.m */ = {isa = PBXFileReference; fileEncoding = 4; lastKnownFileType = sourcecode.c.objc; path = "NSDictionary+MGAdd.m"; sourceTree = "<group>"; };
		AFB950982078763F00C2D96C /* UIButton+imagePosition.h */ = {isa = PBXFileReference; fileEncoding = 4; lastKnownFileType = sourcecode.c.h; path = "UIButton+imagePosition.h"; sourceTree = "<group>"; };
		AFB950992078763F00C2D96C /* UIButton+imagePosition.m */ = {isa = PBXFileReference; fileEncoding = 4; lastKnownFileType = sourcecode.c.objc; path = "UIButton+imagePosition.m"; sourceTree = "<group>"; };
		AFB9509B2078763F00C2D96C /* NSArray+MGAdd.h */ = {isa = PBXFileReference; fileEncoding = 4; lastKnownFileType = sourcecode.c.h; path = "NSArray+MGAdd.h"; sourceTree = "<group>"; };
		AFB9509C2078763F00C2D96C /* NSArray+MGAdd.m */ = {isa = PBXFileReference; fileEncoding = 4; lastKnownFileType = sourcecode.c.objc; path = "NSArray+MGAdd.m"; sourceTree = "<group>"; };
		AFB950A12078763F00C2D96C /* NSNotificationCenter+MGAdd.h */ = {isa = PBXFileReference; fileEncoding = 4; lastKnownFileType = sourcecode.c.h; path = "NSNotificationCenter+MGAdd.h"; sourceTree = "<group>"; };
		AFB950A22078763F00C2D96C /* NSNotificationCenter+MGAdd.m */ = {isa = PBXFileReference; fileEncoding = 4; lastKnownFileType = sourcecode.c.objc; path = "NSNotificationCenter+MGAdd.m"; sourceTree = "<group>"; };
		AFB950B0207876FA00C2D96C /* MGCategoriesMacro.h */ = {isa = PBXFileReference; fileEncoding = 4; lastKnownFileType = sourcecode.c.h; path = MGCategoriesMacro.h; sourceTree = "<group>"; };
		AFB950BA20787A8400C2D96C /* UIDevice+MGAdd.h */ = {isa = PBXFileReference; fileEncoding = 4; lastKnownFileType = sourcecode.c.h; path = "UIDevice+MGAdd.h"; sourceTree = "<group>"; };
		AFB950BB20787A8400C2D96C /* UIDevice+MGAdd.m */ = {isa = PBXFileReference; fileEncoding = 4; lastKnownFileType = sourcecode.c.objc; path = "UIDevice+MGAdd.m"; sourceTree = "<group>"; };
		AFB950BD20787A8400C2D96C /* NSNumber+MGAdd.h */ = {isa = PBXFileReference; fileEncoding = 4; lastKnownFileType = sourcecode.c.h; path = "NSNumber+MGAdd.h"; sourceTree = "<group>"; };
		AFB950BE20787A8400C2D96C /* NSNumber+MGAdd.m */ = {isa = PBXFileReference; fileEncoding = 4; lastKnownFileType = sourcecode.c.objc; path = "NSNumber+MGAdd.m"; sourceTree = "<group>"; };
		AFB950C220787BC100C2D96C /* MGYYAsyncLayer.h */ = {isa = PBXFileReference; fileEncoding = 4; lastKnownFileType = sourcecode.c.h; path = MGYYAsyncLayer.h; sourceTree = "<group>"; };
		AFB950C320787BC100C2D96C /* MGYYAsyncLayer.m */ = {isa = PBXFileReference; fileEncoding = 4; lastKnownFileType = sourcecode.c.objc; path = MGYYAsyncLayer.m; sourceTree = "<group>"; };
		AFB950C420787BC100C2D96C /* MGYYSentinel.h */ = {isa = PBXFileReference; fileEncoding = 4; lastKnownFileType = sourcecode.c.h; path = MGYYSentinel.h; sourceTree = "<group>"; };
		AFB950C520787BC100C2D96C /* MGYYSentinel.m */ = {isa = PBXFileReference; fileEncoding = 4; lastKnownFileType = sourcecode.c.objc; path = MGYYSentinel.m; sourceTree = "<group>"; };
		AFB950C620787BC100C2D96C /* MGYYTransaction.h */ = {isa = PBXFileReference; fileEncoding = 4; lastKnownFileType = sourcecode.c.h; path = MGYYTransaction.h; sourceTree = "<group>"; };
		AFB950C720787BC100C2D96C /* MGYYTransaction.m */ = {isa = PBXFileReference; fileEncoding = 4; lastKnownFileType = sourcecode.c.objc; path = MGYYTransaction.m; sourceTree = "<group>"; };
		AFD08D5C1D52C76500AE00AF /* CWBFrameworkUITests.xctest */ = {isa = PBXFileReference; explicitFileType = wrapper.cfbundle; includeInIndex = 0; path = CWBFrameworkUITests.xctest; sourceTree = BUILT_PRODUCTS_DIR; };
		AFD08D5E1D52C76500AE00AF /* CWBFrameworkUITests.m */ = {isa = PBXFileReference; lastKnownFileType = sourcecode.c.objc; path = CWBFrameworkUITests.m; sourceTree = "<group>"; };
		AFD08D601D52C76500AE00AF /* Info.plist */ = {isa = PBXFileReference; lastKnownFileType = text.plist.xml; path = Info.plist; sourceTree = "<group>"; };
		AFD08D6A1D52C77C00AE00AF /* CWBFrameworkTests.xctest */ = {isa = PBXFileReference; explicitFileType = wrapper.cfbundle; includeInIndex = 0; path = CWBFrameworkTests.xctest; sourceTree = BUILT_PRODUCTS_DIR; };
		AFD08D6C1D52C77C00AE00AF /* CWBFrameworkTests.m */ = {isa = PBXFileReference; lastKnownFileType = sourcecode.c.objc; path = CWBFrameworkTests.m; sourceTree = "<group>"; };
		AFD08D6E1D52C77C00AE00AF /* Info.plist */ = {isa = PBXFileReference; lastKnownFileType = text.plist.xml; path = Info.plist; sourceTree = "<group>"; };
/* End PBXFileReference section */

/* Begin PBXFrameworksBuildPhase section */
		AF6627161D4C3F0A00D71FAF /* Frameworks */ = {
			isa = PBXFrameworksBuildPhase;
			buildActionMask = 2147483647;
			files = (
			);
			runOnlyForDeploymentPostprocessing = 0;
		};
		AFD08D591D52C76500AE00AF /* Frameworks */ = {
			isa = PBXFrameworksBuildPhase;
			buildActionMask = 2147483647;
			files = (
			);
			runOnlyForDeploymentPostprocessing = 0;
		};
		AFD08D671D52C77C00AE00AF /* Frameworks */ = {
			isa = PBXFrameworksBuildPhase;
			buildActionMask = 2147483647;
			files = (
			);
			runOnlyForDeploymentPostprocessing = 0;
		};
/* End PBXFrameworksBuildPhase section */

/* Begin PBXGroup section */
		AF6627101D4C3F0A00D71FAF = {
			isa = PBXGroup;
			children = (
				AF66271B1D4C3F0A00D71FAF /* CWBFramwork */,
				AFD08D5D1D52C76500AE00AF /* CWBFrameworkUITests */,
				AFD08D6B1D52C77C00AE00AF /* CWBFrameworkTests */,
				AF66271A1D4C3F0A00D71FAF /* Products */,
			);
			sourceTree = "<group>";
		};
		AF66271A1D4C3F0A00D71FAF /* Products */ = {
			isa = PBXGroup;
			children = (
				AF6627191D4C3F0A00D71FAF /* CWBFramework.app */,
				AFD08D5C1D52C76500AE00AF /* CWBFrameworkUITests.xctest */,
				AFD08D6A1D52C77C00AE00AF /* CWBFrameworkTests.xctest */,
			);
			name = Products;
			sourceTree = "<group>";
		};
		AF66271B1D4C3F0A00D71FAF /* CWBFramwork */ = {
			isa = PBXGroup;
			children = (
				AF8C77721D4C59F300965040 /* DataManager */,
				AF8C776E1D4C55B400965040 /* ClassFctory */,
				AF8C77621D4C516D00965040 /* info */,
				AF6627361D4C419200D71FAF /* General */,
				AF6627331D4C419200D71FAF /* AppDelegate */,
				AF6627371D4C419200D71FAF /* Helpers */,
				AF6627381D4C419200D71FAF /* Macro */,
				AF6627391D4C419200D71FAF /* Models */,
				AF66273A1D4C419200D71FAF /* Sections */,
				AF66273B1D4C419200D71FAF /* Vendors */,
				AF6627251D4C3F0A00D71FAF /* Main.storyboard */,
				AF6627281D4C3F0A00D71FAF /* Assets.xcassets */,
				AF66272A1D4C3F0A00D71FAF /* LaunchScreen.storyboard */,
				AF66272D1D4C3F0A00D71FAF /* Info.plist */,
				AF66271C1D4C3F0A00D71FAF /* Supporting Files */,
				AFA798971D4EDE2800BD74E9 /* globalHeader.pch */,
			);
			name = CWBFramwork;
			path = CWBFramework;
			sourceTree = "<group>";
		};
		AF66271C1D4C3F0A00D71FAF /* Supporting Files */ = {
			isa = PBXGroup;
			children = (
				AF66271D1D4C3F0A00D71FAF /* main.m */,
			);
			name = "Supporting Files";
			sourceTree = "<group>";
		};
		AF6627331D4C419200D71FAF /* AppDelegate */ = {
			isa = PBXGroup;
			children = (
				AF6627341D4C419200D71FAF /* AppDelegate.h */,
				AF6627351D4C419200D71FAF /* AppDelegate.m */,
			);
			path = AppDelegate;
			sourceTree = "<group>";
		};
		AF6627361D4C419200D71FAF /* General */ = {
			isa = PBXGroup;
			children = (
				AF7201C5207708AD003ED4EC /* Categories */,
				AF7201D3207708AD003ED4EC /* Classes */,
				AF7201D4207708AD003ED4EC /* Views */,
			);
			path = General;
			sourceTree = "<group>";
		};
		AF6627371D4C419200D71FAF /* Helpers */ = {
			isa = PBXGroup;
			children = (
				AF8C776A1D4C54BD00965040 /* WriteLog */,
			);
			path = Helpers;
			sourceTree = "<group>";
		};
		AF6627381D4C419200D71FAF /* Macro */ = {
			isa = PBXGroup;
			children = (
				AF6627401D4C41F400D71FAF /* AppMacro.h */,
				AF6627411D4C420B00D71FAF /* NotificationMacro.h */,
				AF6627421D4C421900D71FAF /* VendorMacro.h */,
				AF6627431D4C422900D71FAF /* UtilsMacro.h */,
			);
			path = Macro;
			sourceTree = "<group>";
		};
		AF6627391D4C419200D71FAF /* Models */ = {
			isa = PBXGroup;
			children = (
				AF66273D1D4C41CA00D71FAF /* BaseModel.h */,
				AF66273E1D4C41CA00D71FAF /* BaseModel.m */,
			);
			path = Models;
			sourceTree = "<group>";
		};
		AF66273A1D4C419200D71FAF /* Sections */ = {
			isa = PBXGroup;
			children = (
				AF6627221D4C3F0A00D71FAF /* ViewController.h */,
				AF6627231D4C3F0A00D71FAF /* ViewController.m */,
				AF96533E205B66930027F4B1 /* ViewControllerMode.h */,
				AF96533F205B66930027F4B1 /* ViewControllerMode.m */,
			);
			path = Sections;
			sourceTree = "<group>";
		};
		AF66273B1D4C419200D71FAF /* Vendors */ = {
			isa = PBXGroup;
			children = (
				AFB950C120787BC100C2D96C /* MGYYAsyncLayer */,
				AFB9500F2078709D00C2D96C /* MGYYWebImage */,
				AF7201DA20770B4D003ED4EC /* MGMBProgressHUD */,
				AF8CEC432076FAF10066889F /* MGExtension */,
			);
			path = Vendors;
			sourceTree = "<group>";
		};
		AF7201C5207708AD003ED4EC /* Categories */ = {
			isa = PBXGroup;
			children = (
				AFB950BC20787A8400C2D96C /* NSNumber */,
				AFB950B920787A8400C2D96C /* UIDevice */,
				AFB950B0207876FA00C2D96C /* MGCategoriesMacro.h */,
				AFB9509A2078763F00C2D96C /* NSArray */,
				AFB950942078763F00C2D96C /* NSBundle */,
				AFB950802078763F00C2D96C /* NSData */,
				AFB9507D2078763F00C2D96C /* NSDate */,
				AFB950A02078763F00C2D96C /* NSNotificationCenter */,
				AFB950832078763F00C2D96C /* NSObject */,
				AFB950912078763F00C2D96C /* NSString */,
				AFB950862078763F00C2D96C /* NSTimer */,
				AFB950972078763F00C2D96C /* UIButton */,
				AFB950892078763F00C2D96C /* UIColor */,
				AFB9508C2078763F00C2D96C /* UIImage */,
			);
			path = Categories;
			sourceTree = "<group>";
		};
		AF7201D3207708AD003ED4EC /* Classes */ = {
			isa = PBXGroup;
			children = (
			);
			path = Classes;
			sourceTree = "<group>";
		};
		AF7201D4207708AD003ED4EC /* Views */ = {
			isa = PBXGroup;
			children = (
			);
			path = Views;
			sourceTree = "<group>";
		};
		AF7201DA20770B4D003ED4EC /* MGMBProgressHUD */ = {
			isa = PBXGroup;
			children = (
				AF7201DB20770B4D003ED4EC /* MGMBProgressHUD.h */,
				AF7201DC20770B4D003ED4EC /* MGMBProgressHUD.m */,
			);
			path = MGMBProgressHUD;
			sourceTree = "<group>";
		};
		AF8C77621D4C516D00965040 /* info */ = {
			isa = PBXGroup;
			children = (
				AF8C77631D4C516D00965040 /* Coding-Standards.strings */,
				AF8C77641D4C516D00965040 /* framework-instruction.strings */,
				AF8C77651D4C516D00965040 /* xcode-plug-in.strings */,
			);
			path = info;
			sourceTree = "<group>";
		};
		AF8C776A1D4C54BD00965040 /* WriteLog */ = {
			isa = PBXGroup;
			children = (
				AF8C776B1D4C54BD00965040 /* WriteLog.h */,
				AF8C776C1D4C54BD00965040 /* WriteLog.m */,
			);
			path = WriteLog;
			sourceTree = "<group>";
		};
		AF8C776E1D4C55B400965040 /* ClassFctory */ = {
			isa = PBXGroup;
			children = (
				AF8C776F1D4C55C600965040 /* ClassFactory.h */,
				AF8C77701D4C55C600965040 /* ClassFactory.m */,
			);
			path = ClassFctory;
			sourceTree = "<group>";
		};
		AF8C77721D4C59F300965040 /* DataManager */ = {
			isa = PBXGroup;
			children = (
				AF8C77731D4C59F300965040 /* LocalManger */,
				AF8C77741D4C59F300965040 /* NetManager */,
			);
			path = DataManager;
			sourceTree = "<group>";
		};
		AF8C77731D4C59F300965040 /* LocalManger */ = {
			isa = PBXGroup;
			children = (
				AF8C77751D4C5A0A00965040 /* LocalManager.h */,
				AF8C77761D4C5A0A00965040 /* LocalManager.m */,
			);
			path = LocalManger;
			sourceTree = "<group>";
		};
		AF8C77741D4C59F300965040 /* NetManager */ = {
			isa = PBXGroup;
			children = (
				AF8C77781D4C5A1F00965040 /* NetManager.h */,
				AF8C77791D4C5A1F00965040 /* NetManager.m */,
			);
			path = NetManager;
			sourceTree = "<group>";
		};
		AF8CEC432076FAF10066889F /* MGExtension */ = {
			isa = PBXGroup;
			children = (
				AF8CEC442076FAF10066889F /* Info.plist */,
				AF8CEC452076FAF10066889F /* MGExtension.h */,
				AF8CEC462076FAF10066889F /* MGExtensionConst.h */,
				AF8CEC472076FAF10066889F /* MGExtensionConst.m */,
				AF8CEC482076FAF10066889F /* MGFoundation.h */,
				AF8CEC492076FAF10066889F /* MGFoundation.m */,
				AF8CEC4A2076FAF10066889F /* MGProperty.h */,
				AF8CEC4B2076FAF10066889F /* MGProperty.m */,
				AF8CEC4C2076FAF10066889F /* MGPropertyKey.h */,
				AF8CEC4D2076FAF10066889F /* MGPropertyKey.m */,
				AF8CEC4E2076FAF10066889F /* MGPropertyType.h */,
				AF8CEC4F2076FAF10066889F /* MGPropertyType.m */,
				AF8CEC502076FAF10066889F /* NSObject+MGClass.h */,
				AF8CEC512076FAF10066889F /* NSObject+MGClass.m */,
				AF8CEC522076FAF10066889F /* NSObject+MGCoding.h */,
				AF8CEC532076FAF10066889F /* NSObject+MGCoding.m */,
				AF8CEC542076FAF10066889F /* NSObject+MGKeyValue.h */,
				AF8CEC552076FAF10066889F /* NSObject+MGKeyValue.m */,
				AF8CEC562076FAF10066889F /* NSObject+MGProperty.h */,
				AF8CEC572076FAF10066889F /* NSObject+MGProperty.m */,
				AF8CEC582076FAF10066889F /* NSString+MGExtension.h */,
				AF8CEC592076FAF10066889F /* NSString+MGExtension.m */,
			);
			path = MGExtension;
			sourceTree = "<group>";
		};
		AFB9500F2078709D00C2D96C /* MGYYWebImage */ = {
			isa = PBXGroup;
			children = (
				AFB950102078709D00C2D96C /* Cache */,
				AFB950192078709D00C2D96C /* Categories */,
				AFB950262078709D00C2D96C /* Image */,
				AFB950312078709D00C2D96C /* MGYYImageCache.h */,
				AFB950322078709D00C2D96C /* MGYYImageCache.m */,
				AFB950332078709D00C2D96C /* MGYYWebImage.h */,
				AFB950342078709D00C2D96C /* MGYYWebImageManager.h */,
				AFB950352078709D00C2D96C /* MGYYWebImageManager.m */,
				AFB950362078709D00C2D96C /* MGYYWebImageOperation.h */,
				AFB950372078709D00C2D96C /* MGYYWebImageOperation.m */,
			);
			path = MGYYWebImage;
			sourceTree = "<group>";
		};
		AFB950102078709D00C2D96C /* Cache */ = {
			isa = PBXGroup;
			children = (
				AFB950112078709D00C2D96C /* MGYYCache.h */,
				AFB950122078709D00C2D96C /* MGYYCache.m */,
				AFB950132078709D00C2D96C /* MGYYDiskCache.h */,
				AFB950142078709D00C2D96C /* MGYYDiskCache.m */,
				AFB950152078709D00C2D96C /* MGYYKVStorage.h */,
				AFB950162078709D00C2D96C /* MGYYKVStorage.m */,
				AFB950172078709D00C2D96C /* MGYYMemoryCache.h */,
				AFB950182078709D00C2D96C /* MGYYMemoryCache.m */,
			);
			path = Cache;
			sourceTree = "<group>";
		};
		AFB950192078709D00C2D96C /* Categories */ = {
			isa = PBXGroup;
			children = (
				AFB9501A2078709D00C2D96C /* _MGYYWebImageSetter.h */,
				AFB9501B2078709D00C2D96C /* _MGYYWebImageSetter.m */,
				AFB9501C2078709D00C2D96C /* CALayer+MGYYWebImage.h */,
				AFB9501D2078709D00C2D96C /* CALayer+MGYYWebImage.m */,
				AFB9501E2078709D00C2D96C /* MKAnnotationView+MGYYWebImage.h */,
				AFB9501F2078709D00C2D96C /* MKAnnotationView+MGYYWebImage.m */,
				AFB950202078709D00C2D96C /* UIButton+MGYYWebImage.h */,
				AFB950212078709D00C2D96C /* UIButton+MGYYWebImage.m */,
				AFB950222078709D00C2D96C /* UIImage+MGYYWebImage.h */,
				AFB950232078709D00C2D96C /* UIImage+MGYYWebImage.m */,
				AFB950242078709D00C2D96C /* UIImageView+MGYYWebImage.h */,
				AFB950252078709D00C2D96C /* UIImageView+MGYYWebImage.m */,
			);
			path = Categories;
			sourceTree = "<group>";
		};
		AFB950262078709D00C2D96C /* Image */ = {
			isa = PBXGroup;
			children = (
				AFB950272078709D00C2D96C /* MGYYAnimatedImageView.h */,
				AFB950282078709D00C2D96C /* MGYYAnimatedImageView.m */,
				AFB950292078709D00C2D96C /* MGYYFrameImage.h */,
				AFB9502A2078709D00C2D96C /* MGYYFrameImage.m */,
				AFB9502B2078709D00C2D96C /* MGYYImage.h */,
				AFB9502C2078709D00C2D96C /* MGYYImage.m */,
				AFB9502D2078709D00C2D96C /* MGYYImageCoder.h */,
				AFB9502E2078709D00C2D96C /* MGYYImageCoder.m */,
				AFB9502F2078709D00C2D96C /* MGYYSpriteSheetImage.h */,
				AFB950302078709D00C2D96C /* MGYYSpriteSheetImage.m */,
			);
			path = Image;
			sourceTree = "<group>";
		};
		AFB9507D2078763F00C2D96C /* NSDate */ = {
			isa = PBXGroup;
			children = (
				AFB9507E2078763F00C2D96C /* NSDate+MGAdd.h */,
				AFB9507F2078763F00C2D96C /* NSDate+MGAdd.m */,
			);
			path = NSDate;
			sourceTree = "<group>";
		};
		AFB950802078763F00C2D96C /* NSData */ = {
			isa = PBXGroup;
			children = (
				AFB950812078763F00C2D96C /* NSData+MGAdd.h */,
				AFB950822078763F00C2D96C /* NSData+MGAdd.m */,
			);
			path = NSData;
			sourceTree = "<group>";
		};
		AFB950832078763F00C2D96C /* NSObject */ = {
			isa = PBXGroup;
			children = (
				AFB950842078763F00C2D96C /* NSObject+MGAdd.h */,
				AFB950852078763F00C2D96C /* NSObject+MGAdd.m */,
			);
			path = NSObject;
			sourceTree = "<group>";
		};
		AFB950862078763F00C2D96C /* NSTimer */ = {
			isa = PBXGroup;
			children = (
				AFB950872078763F00C2D96C /* NSTimer+MGAdd.h */,
				AFB950882078763F00C2D96C /* NSTimer+MGAdd.m */,
			);
			path = NSTimer;
			sourceTree = "<group>";
		};
		AFB950892078763F00C2D96C /* UIColor */ = {
			isa = PBXGroup;
			children = (
				AFB9508A2078763F00C2D96C /* UIColor+Colours.h */,
				AFB9508B2078763F00C2D96C /* UIColor+Colours.m */,
			);
			path = UIColor;
			sourceTree = "<group>";
		};
		AFB9508C2078763F00C2D96C /* UIImage */ = {
			isa = PBXGroup;
			children = (
				AFB9508D2078763F00C2D96C /* UIImage+ImageComperssion.h */,
				AFB9508E2078763F00C2D96C /* UIImage+ImageComperssion.m */,
				AFB9508F2078763F00C2D96C /* UIImageView+CornerRadius.h */,
				AFB950902078763F00C2D96C /* UIImageView+CornerRadius.m */,
			);
			path = UIImage;
			sourceTree = "<group>";
		};
		AFB950912078763F00C2D96C /* NSString */ = {
			isa = PBXGroup;
			children = (
				AFB950922078763F00C2D96C /* NSString+MGAdd.h */,
				AFB950932078763F00C2D96C /* NSString+MGAdd.m */,
			);
			path = NSString;
			sourceTree = "<group>";
		};
		AFB950942078763F00C2D96C /* NSBundle */ = {
			isa = PBXGroup;
			children = (
				AFB950952078763F00C2D96C /* NSDictionary+MGAdd.h */,
				AFB950962078763F00C2D96C /* NSDictionary+MGAdd.m */,
			);
			path = NSBundle;
			sourceTree = "<group>";
		};
		AFB950972078763F00C2D96C /* UIButton */ = {
			isa = PBXGroup;
			children = (
				AFB950982078763F00C2D96C /* UIButton+imagePosition.h */,
				AFB950992078763F00C2D96C /* UIButton+imagePosition.m */,
			);
			path = UIButton;
			sourceTree = "<group>";
		};
		AFB9509A2078763F00C2D96C /* NSArray */ = {
			isa = PBXGroup;
			children = (
				AFB9509B2078763F00C2D96C /* NSArray+MGAdd.h */,
				AFB9509C2078763F00C2D96C /* NSArray+MGAdd.m */,
			);
			path = NSArray;
			sourceTree = "<group>";
		};
		AFB950A02078763F00C2D96C /* NSNotificationCenter */ = {
			isa = PBXGroup;
			children = (
				AFB950A12078763F00C2D96C /* NSNotificationCenter+MGAdd.h */,
				AFB950A22078763F00C2D96C /* NSNotificationCenter+MGAdd.m */,
			);
			path = NSNotificationCenter;
			sourceTree = "<group>";
		};
		AFB950B920787A8400C2D96C /* UIDevice */ = {
			isa = PBXGroup;
			children = (
				AFB950BA20787A8400C2D96C /* UIDevice+MGAdd.h */,
				AFB950BB20787A8400C2D96C /* UIDevice+MGAdd.m */,
			);
			path = UIDevice;
			sourceTree = "<group>";
		};
		AFB950BC20787A8400C2D96C /* NSNumber */ = {
			isa = PBXGroup;
			children = (
				AFB950BD20787A8400C2D96C /* NSNumber+MGAdd.h */,
				AFB950BE20787A8400C2D96C /* NSNumber+MGAdd.m */,
			);
			path = NSNumber;
			sourceTree = "<group>";
		};
		AFB950C120787BC100C2D96C /* MGYYAsyncLayer */ = {
			isa = PBXGroup;
			children = (
				AFB950C220787BC100C2D96C /* MGYYAsyncLayer.h */,
				AFB950C320787BC100C2D96C /* MGYYAsyncLayer.m */,
				AFB950C420787BC100C2D96C /* MGYYSentinel.h */,
				AFB950C520787BC100C2D96C /* MGYYSentinel.m */,
				AFB950C620787BC100C2D96C /* MGYYTransaction.h */,
				AFB950C720787BC100C2D96C /* MGYYTransaction.m */,
			);
			path = MGYYAsyncLayer;
			sourceTree = "<group>";
		};
		AFD08D5D1D52C76500AE00AF /* CWBFrameworkUITests */ = {
			isa = PBXGroup;
			children = (
				AFD08D5E1D52C76500AE00AF /* CWBFrameworkUITests.m */,
				AFD08D601D52C76500AE00AF /* Info.plist */,
			);
			path = CWBFrameworkUITests;
			sourceTree = "<group>";
		};
		AFD08D6B1D52C77C00AE00AF /* CWBFrameworkTests */ = {
			isa = PBXGroup;
			children = (
				AFD08D6C1D52C77C00AE00AF /* CWBFrameworkTests.m */,
				AFD08D6E1D52C77C00AE00AF /* Info.plist */,
			);
			path = CWBFrameworkTests;
			sourceTree = "<group>";
		};
/* End PBXGroup section */

/* Begin PBXNativeTarget section */
		AF6627181D4C3F0A00D71FAF /* CWBFramework */ = {
			isa = PBXNativeTarget;
			buildConfigurationList = AF6627301D4C3F0A00D71FAF /* Build configuration list for PBXNativeTarget "CWBFramework" */;
			buildPhases = (
				AF6627151D4C3F0A00D71FAF /* Sources */,
				AF6627161D4C3F0A00D71FAF /* Frameworks */,
				AF6627171D4C3F0A00D71FAF /* Resources */,
			);
			buildRules = (
			);
			dependencies = (
			);
			name = CWBFramework;
			productName = CWBFramwork;
			productReference = AF6627191D4C3F0A00D71FAF /* CWBFramework.app */;
			productType = "com.apple.product-type.application";
		};
		AFD08D5B1D52C76500AE00AF /* CWBFrameworkUITests */ = {
			isa = PBXNativeTarget;
			buildConfigurationList = AFD08D651D52C76500AE00AF /* Build configuration list for PBXNativeTarget "CWBFrameworkUITests" */;
			buildPhases = (
				AFD08D581D52C76500AE00AF /* Sources */,
				AFD08D591D52C76500AE00AF /* Frameworks */,
				AFD08D5A1D52C76500AE00AF /* Resources */,
			);
			buildRules = (
			);
			dependencies = (
				AFD08D621D52C76500AE00AF /* PBXTargetDependency */,
			);
			name = CWBFrameworkUITests;
			productName = CWBFrameworkUITests;
			productReference = AFD08D5C1D52C76500AE00AF /* CWBFrameworkUITests.xctest */;
			productType = "com.apple.product-type.bundle.ui-testing";
		};
		AFD08D691D52C77C00AE00AF /* CWBFrameworkTests */ = {
			isa = PBXNativeTarget;
			buildConfigurationList = AFD08D711D52C77C00AE00AF /* Build configuration list for PBXNativeTarget "CWBFrameworkTests" */;
			buildPhases = (
				AFD08D661D52C77C00AE00AF /* Sources */,
				AFD08D671D52C77C00AE00AF /* Frameworks */,
				AFD08D681D52C77C00AE00AF /* Resources */,
			);
			buildRules = (
			);
			dependencies = (
				AFD08D701D52C77C00AE00AF /* PBXTargetDependency */,
			);
			name = CWBFrameworkTests;
			productName = CWBFrameworkTests;
			productReference = AFD08D6A1D52C77C00AE00AF /* CWBFrameworkTests.xctest */;
			productType = "com.apple.product-type.bundle.unit-test";
		};
/* End PBXNativeTarget section */

/* Begin PBXProject section */
		AF6627111D4C3F0A00D71FAF /* Project object */ = {
			isa = PBXProject;
			attributes = {
				LastUpgradeCheck = 0730;
				ORGANIZATIONNAME = ciome;
				TargetAttributes = {
					AF6627181D4C3F0A00D71FAF = {
						CreatedOnToolsVersion = 7.3.1;
					};
					AFD08D5B1D52C76500AE00AF = {
						CreatedOnToolsVersion = 7.3.1;
						TestTargetID = AF6627181D4C3F0A00D71FAF;
					};
					AFD08D691D52C77C00AE00AF = {
						CreatedOnToolsVersion = 7.3.1;
						TestTargetID = AF6627181D4C3F0A00D71FAF;
					};
				};
			};
			buildConfigurationList = AF6627141D4C3F0A00D71FAF /* Build configuration list for PBXProject "CWBFramework" */;
			compatibilityVersion = "Xcode 3.2";
			developmentRegion = English;
			hasScannedForEncodings = 0;
			knownRegions = (
				en,
				Base,
			);
			mainGroup = AF6627101D4C3F0A00D71FAF;
			productRefGroup = AF66271A1D4C3F0A00D71FAF /* Products */;
			projectDirPath = "";
			projectRoot = "";
			targets = (
				AF6627181D4C3F0A00D71FAF /* CWBFramework */,
				AFD08D5B1D52C76500AE00AF /* CWBFrameworkUITests */,
				AFD08D691D52C77C00AE00AF /* CWBFrameworkTests */,
			);
		};
/* End PBXProject section */

/* Begin PBXResourcesBuildPhase section */
		AF6627171D4C3F0A00D71FAF /* Resources */ = {
			isa = PBXResourcesBuildPhase;
			buildActionMask = 2147483647;
			files = (
				AF66272C1D4C3F0A00D71FAF /* LaunchScreen.storyboard in Resources */,
				AF8C77661D4C516D00965040 /* Coding-Standards.strings in Resources */,
				AF8C77671D4C516D00965040 /* framework-instruction.strings in Resources */,
				AF8C77681D4C516D00965040 /* xcode-plug-in.strings in Resources */,
				AF6627291D4C3F0A00D71FAF /* Assets.xcassets in Resources */,
				AF6627271D4C3F0A00D71FAF /* Main.storyboard in Resources */,
				AF8CEC5A2076FAF10066889F /* Info.plist in Resources */,
			);
			runOnlyForDeploymentPostprocessing = 0;
		};
		AFD08D5A1D52C76500AE00AF /* Resources */ = {
			isa = PBXResourcesBuildPhase;
			buildActionMask = 2147483647;
			files = (
			);
			runOnlyForDeploymentPostprocessing = 0;
		};
		AFD08D681D52C77C00AE00AF /* Resources */ = {
			isa = PBXResourcesBuildPhase;
			buildActionMask = 2147483647;
			files = (
			);
			runOnlyForDeploymentPostprocessing = 0;
		};
/* End PBXResourcesBuildPhase section */

/* Begin PBXSourcesBuildPhase section */
		AF6627151D4C3F0A00D71FAF /* Sources */ = {
			isa = PBXSourcesBuildPhase;
			buildActionMask = 2147483647;
			files = (
				AFB950AC2078763F00C2D96C /* UIButton+imagePosition.m in Sources */,
				AFB950A52078763F00C2D96C /* NSObject+MGAdd.m in Sources */,
				AF8C776D1D4C54BD00965040 /* WriteLog.m in Sources */,
				AFB950CA20787BC100C2D96C /* MGYYTransaction.m in Sources */,
				AF8C777A1D4C5A1F00965040 /* NetManager.m in Sources */,
				AF6627241D4C3F0A00D71FAF /* ViewController.m in Sources */,
				AFB950432078709E00C2D96C /* MGYYFrameImage.m in Sources */,
				AFB950482078709E00C2D96C /* MGYYWebImageManager.m in Sources */,
				AF8C77771D4C5A0A00965040 /* LocalManager.m in Sources */,
				AF8CEC5C2076FAF10066889F /* MGFoundation.m in Sources */,
				AFB9503A2078709E00C2D96C /* MGYYKVStorage.m in Sources */,
				AFB950392078709E00C2D96C /* MGYYDiskCache.m in Sources */,
				AFB950A62078763F00C2D96C /* NSTimer+MGAdd.m in Sources */,
				AF8CEC642076FAF10066889F /* NSString+MGExtension.m in Sources */,
				AFB950A42078763F00C2D96C /* NSData+MGAdd.m in Sources */,
				AF7201DD20770B4D003ED4EC /* MGMBProgressHUD.m in Sources */,
				AFB9503F2078709E00C2D96C /* UIButton+MGYYWebImage.m in Sources */,
				AFB950462078709E00C2D96C /* MGYYSpriteSheetImage.m in Sources */,
				AFB950412078709E00C2D96C /* UIImageView+MGYYWebImage.m in Sources */,
				AFB9503C2078709E00C2D96C /* _MGYYWebImageSetter.m in Sources */,
				AF66271E1D4C3F0A00D71FAF /* main.m in Sources */,
				AFB950452078709E00C2D96C /* MGYYImageCoder.m in Sources */,
				AF8CEC5D2076FAF10066889F /* MGProperty.m in Sources */,
				AF8CEC602076FAF10066889F /* NSObject+MGClass.m in Sources */,
				AFB950C020787A8400C2D96C /* NSNumber+MGAdd.m in Sources */,
				AFB950A72078763F00C2D96C /* UIColor+Colours.m in Sources */,
				AFB950492078709E00C2D96C /* MGYYWebImageOperation.m in Sources */,
				AF66273F1D4C41CA00D71FAF /* BaseModel.m in Sources */,
				AFB9503D2078709E00C2D96C /* CALayer+MGYYWebImage.m in Sources */,
				AF8CEC5B2076FAF10066889F /* MGExtensionConst.m in Sources */,
				AF8CEC622076FAF10066889F /* NSObject+MGKeyValue.m in Sources */,
				AFB950472078709E00C2D96C /* MGYYImageCache.m in Sources */,
				AFB950C820787BC100C2D96C /* MGYYAsyncLayer.m in Sources */,
				AFB950AB2078763F00C2D96C /* NSDictionary+MGAdd.m in Sources */,
				AFB950442078709E00C2D96C /* MGYYImage.m in Sources */,
				AF8CEC5E2076FAF10066889F /* MGPropertyKey.m in Sources */,
				AFB950AA2078763F00C2D96C /* NSString+MGAdd.m in Sources */,
				AFB9503B2078709E00C2D96C /* MGYYMemoryCache.m in Sources */,
				AF8CEC612076FAF10066889F /* NSObject+MGCoding.m in Sources */,
				AF66273C1D4C419200D71FAF /* AppDelegate.m in Sources */,
				AFB950A82078763F00C2D96C /* UIImage+ImageComperssion.m in Sources */,
				AFB950AD2078763F00C2D96C /* NSArray+MGAdd.m in Sources */,
				AF8C77711D4C55C600965040 /* ClassFactory.m in Sources */,
				AFB9503E2078709E00C2D96C /* MKAnnotationView+MGYYWebImage.m in Sources */,
				AFB950422078709E00C2D96C /* MGYYAnimatedImageView.m in Sources */,
				AF8CEC632076FAF10066889F /* NSObject+MGProperty.m in Sources */,
				AF965340205B66930027F4B1 /* ViewControllerMode.m in Sources */,
				AFB950402078709E00C2D96C /* UIImage+MGYYWebImage.m in Sources */,
				AFB950AF2078763F00C2D96C /* NSNotificationCenter+MGAdd.m in Sources */,
				AFB950A32078763F00C2D96C /* NSDate+MGAdd.m in Sources */,
				AFB950382078709E00C2D96C /* MGYYCache.m in Sources */,
				AFB950BF20787A8400C2D96C /* UIDevice+MGAdd.m in Sources */,
				AFB950C920787BC100C2D96C /* MGYYSentinel.m in Sources */,
				AF8CEC5F2076FAF10066889F /* MGPropertyType.m in Sources */,
				AFB950A92078763F00C2D96C /* UIImageView+CornerRadius.m in Sources */,
			);
			runOnlyForDeploymentPostprocessing = 0;
		};
		AFD08D581D52C76500AE00AF /* Sources */ = {
			isa = PBXSourcesBuildPhase;
			buildActionMask = 2147483647;
			files = (
				AFD08D5F1D52C76500AE00AF /* CWBFrameworkUITests.m in Sources */,
			);
			runOnlyForDeploymentPostprocessing = 0;
		};
		AFD08D661D52C77C00AE00AF /* Sources */ = {
			isa = PBXSourcesBuildPhase;
			buildActionMask = 2147483647;
			files = (
				AFD08D6D1D52C77C00AE00AF /* CWBFrameworkTests.m in Sources */,
			);
			runOnlyForDeploymentPostprocessing = 0;
		};
/* End PBXSourcesBuildPhase section */

/* Begin PBXTargetDependency section */
		AFD08D621D52C76500AE00AF /* PBXTargetDependency */ = {
			isa = PBXTargetDependency;
			target = AF6627181D4C3F0A00D71FAF /* CWBFramework */;
			targetProxy = AFD08D611D52C76500AE00AF /* PBXContainerItemProxy */;
		};
		AFD08D701D52C77C00AE00AF /* PBXTargetDependency */ = {
			isa = PBXTargetDependency;
			target = AF6627181D4C3F0A00D71FAF /* CWBFramework */;
			targetProxy = AFD08D6F1D52C77C00AE00AF /* PBXContainerItemProxy */;
		};
/* End PBXTargetDependency section */

/* Begin PBXVariantGroup section */
		AF6627251D4C3F0A00D71FAF /* Main.storyboard */ = {
			isa = PBXVariantGroup;
			children = (
				AF6627261D4C3F0A00D71FAF /* Base */,
			);
			name = Main.storyboard;
			sourceTree = "<group>";
		};
		AF66272A1D4C3F0A00D71FAF /* LaunchScreen.storyboard */ = {
			isa = PBXVariantGroup;
			children = (
				AF66272B1D4C3F0A00D71FAF /* Base */,
			);
			name = LaunchScreen.storyboard;
			sourceTree = "<group>";
		};
/* End PBXVariantGroup section */

/* Begin XCBuildConfiguration section */
		AF66272E1D4C3F0A00D71FAF /* Debug */ = {
			isa = XCBuildConfiguration;
			buildSettings = {
				ALWAYS_SEARCH_USER_PATHS = NO;
				CLANG_ANALYZER_NONNULL = YES;
				CLANG_CXX_LANGUAGE_STANDARD = "gnu++0x";
				CLANG_CXX_LIBRARY = "libc++";
				CLANG_ENABLE_MODULES = YES;
				CLANG_ENABLE_OBJC_ARC = YES;
				CLANG_WARN_BOOL_CONVERSION = YES;
				CLANG_WARN_CONSTANT_CONVERSION = YES;
				CLANG_WARN_DIRECT_OBJC_ISA_USAGE = YES_ERROR;
				CLANG_WARN_EMPTY_BODY = YES;
				CLANG_WARN_ENUM_CONVERSION = YES;
				CLANG_WARN_INT_CONVERSION = YES;
				CLANG_WARN_OBJC_ROOT_CLASS = YES_ERROR;
				CLANG_WARN_UNREACHABLE_CODE = YES;
				CLANG_WARN__DUPLICATE_METHOD_MATCH = YES;
				"CODE_SIGN_IDENTITY[sdk=iphoneos*]" = "iPhone Developer";
				COPY_PHASE_STRIP = NO;
				DEBUG_INFORMATION_FORMAT = dwarf;
				ENABLE_STRICT_OBJC_MSGSEND = YES;
				ENABLE_TESTABILITY = YES;
				GCC_C_LANGUAGE_STANDARD = gnu99;
				GCC_DYNAMIC_NO_PIC = NO;
				GCC_NO_COMMON_BLOCKS = YES;
				GCC_OPTIMIZATION_LEVEL = 0;
				GCC_PREPROCESSOR_DEFINITIONS = (
					"DEBUG=1",
					"$(inherited)",
				);
				GCC_WARN_64_TO_32_BIT_CONVERSION = YES;
				GCC_WARN_ABOUT_RETURN_TYPE = YES_ERROR;
				GCC_WARN_UNDECLARED_SELECTOR = YES;
				GCC_WARN_UNINITIALIZED_AUTOS = YES_AGGRESSIVE;
				GCC_WARN_UNUSED_FUNCTION = YES;
				GCC_WARN_UNUSED_VARIABLE = YES;
				IPHONEOS_DEPLOYMENT_TARGET = 9.3;
				MTL_ENABLE_DEBUG_INFO = YES;
				ONLY_ACTIVE_ARCH = YES;
				SDKROOT = iphoneos;
				TARGETED_DEVICE_FAMILY = "1,2";
			};
			name = Debug;
		};
		AF66272F1D4C3F0A00D71FAF /* Release */ = {
			isa = XCBuildConfiguration;
			buildSettings = {
				ALWAYS_SEARCH_USER_PATHS = NO;
				CLANG_ANALYZER_NONNULL = YES;
				CLANG_CXX_LANGUAGE_STANDARD = "gnu++0x";
				CLANG_CXX_LIBRARY = "libc++";
				CLANG_ENABLE_MODULES = YES;
				CLANG_ENABLE_OBJC_ARC = YES;
				CLANG_WARN_BOOL_CONVERSION = YES;
				CLANG_WARN_CONSTANT_CONVERSION = YES;
				CLANG_WARN_DIRECT_OBJC_ISA_USAGE = YES_ERROR;
				CLANG_WARN_EMPTY_BODY = YES;
				CLANG_WARN_ENUM_CONVERSION = YES;
				CLANG_WARN_INT_CONVERSION = YES;
				CLANG_WARN_OBJC_ROOT_CLASS = YES_ERROR;
				CLANG_WARN_UNREACHABLE_CODE = YES;
				CLANG_WARN__DUPLICATE_METHOD_MATCH = YES;
				"CODE_SIGN_IDENTITY[sdk=iphoneos*]" = "iPhone Developer";
				COPY_PHASE_STRIP = NO;
				DEBUG_INFORMATION_FORMAT = "dwarf-with-dsym";
				ENABLE_NS_ASSERTIONS = NO;
				ENABLE_STRICT_OBJC_MSGSEND = YES;
				GCC_C_LANGUAGE_STANDARD = gnu99;
				GCC_NO_COMMON_BLOCKS = YES;
				GCC_WARN_64_TO_32_BIT_CONVERSION = YES;
				GCC_WARN_ABOUT_RETURN_TYPE = YES_ERROR;
				GCC_WARN_UNDECLARED_SELECTOR = YES;
				GCC_WARN_UNINITIALIZED_AUTOS = YES_AGGRESSIVE;
				GCC_WARN_UNUSED_FUNCTION = YES;
				GCC_WARN_UNUSED_VARIABLE = YES;
				IPHONEOS_DEPLOYMENT_TARGET = 9.3;
				MTL_ENABLE_DEBUG_INFO = NO;
				SDKROOT = iphoneos;
				TARGETED_DEVICE_FAMILY = "1,2";
				VALIDATE_PRODUCT = YES;
			};
			name = Release;
		};
		AF6627311D4C3F0A00D71FAF /* Debug */ = {
			isa = XCBuildConfiguration;
			buildSettings = {
				ASSETCATALOG_COMPILER_APPICON_NAME = AppIcon;
				GCC_PRECOMPILE_PREFIX_HEADER = YES;
				GCC_PREFIX_HEADER = "$(SRCROOT)/CWBFramework/globalHeader.pch";
				INFOPLIST_FILE = "$(SRCROOT)/CWBFramework/Info.plist";
				LD_RUNPATH_SEARCH_PATHS = "$(inherited) @executable_path/Frameworks";
				PRODUCT_BUNDLE_IDENTIFIER = com.cwb.CWBFramwork;
				PRODUCT_NAME = "$(TARGET_NAME)";
			};
			name = Debug;
		};
		AF6627321D4C3F0A00D71FAF /* Release */ = {
			isa = XCBuildConfiguration;
			buildSettings = {
				ASSETCATALOG_COMPILER_APPICON_NAME = AppIcon;
				GCC_PRECOMPILE_PREFIX_HEADER = YES;
				GCC_PREFIX_HEADER = "$(SRCROOT)/CWBFramework/globalHeader.pch";
				INFOPLIST_FILE = "$(SRCROOT)/CWBFramework/Info.plist";
				LD_RUNPATH_SEARCH_PATHS = "$(inherited) @executable_path/Frameworks";
				PRODUCT_BUNDLE_IDENTIFIER = com.cwb.CWBFramwork;
				PRODUCT_NAME = "$(TARGET_NAME)";
			};
			name = Release;
		};
		AFD08D631D52C76500AE00AF /* Debug */ = {
			isa = XCBuildConfiguration;
			buildSettings = {
				INFOPLIST_FILE = CWBFrameworkUITests/Info.plist;
				LD_RUNPATH_SEARCH_PATHS = "$(inherited) @executable_path/Frameworks @loader_path/Frameworks";
				PRODUCT_BUNDLE_IDENTIFIER = com.cwb.CWBFrameworkUITests;
				PRODUCT_NAME = "$(TARGET_NAME)";
				TEST_TARGET_NAME = CWBFramework;
			};
			name = Debug;
		};
		AFD08D641D52C76500AE00AF /* Release */ = {
			isa = XCBuildConfiguration;
			buildSettings = {
				INFOPLIST_FILE = CWBFrameworkUITests/Info.plist;
				LD_RUNPATH_SEARCH_PATHS = "$(inherited) @executable_path/Frameworks @loader_path/Frameworks";
				PRODUCT_BUNDLE_IDENTIFIER = com.cwb.CWBFrameworkUITests;
				PRODUCT_NAME = "$(TARGET_NAME)";
				TEST_TARGET_NAME = CWBFramework;
			};
			name = Release;
		};
		AFD08D721D52C77C00AE00AF /* Debug */ = {
			isa = XCBuildConfiguration;
			buildSettings = {
				BUNDLE_LOADER = "$(TEST_HOST)";
				INFOPLIST_FILE = CWBFrameworkTests/Info.plist;
				LD_RUNPATH_SEARCH_PATHS = "$(inherited) @executable_path/Frameworks @loader_path/Frameworks";
				PRODUCT_BUNDLE_IDENTIFIER = com.cwb.CWBFrameworkTests;
				PRODUCT_NAME = "$(TARGET_NAME)";
				TEST_HOST = "$(BUILT_PRODUCTS_DIR)/CWBFramework.app/CWBFramework";
			};
			name = Debug;
		};
		AFD08D731D52C77C00AE00AF /* Release */ = {
			isa = XCBuildConfiguration;
			buildSettings = {
				BUNDLE_LOADER = "$(TEST_HOST)";
				INFOPLIST_FILE = CWBFrameworkTests/Info.plist;
				LD_RUNPATH_SEARCH_PATHS = "$(inherited) @executable_path/Frameworks @loader_path/Frameworks";
				PRODUCT_BUNDLE_IDENTIFIER = com.cwb.CWBFrameworkTests;
				PRODUCT_NAME = "$(TARGET_NAME)";
				TEST_HOST = "$(BUILT_PRODUCTS_DIR)/CWBFramework.app/CWBFramework";
			};
			name = Release;
		};
/* End XCBuildConfiguration section */

/* Begin XCConfigurationList section */
		AF6627141D4C3F0A00D71FAF /* Build configuration list for PBXProject "CWBFramework" */ = {
			isa = XCConfigurationList;
			buildConfigurations = (
				AF66272E1D4C3F0A00D71FAF /* Debug */,
				AF66272F1D4C3F0A00D71FAF /* Release */,
			);
			defaultConfigurationIsVisible = 0;
			defaultConfigurationName = Release;
		};
		AF6627301D4C3F0A00D71FAF /* Build configuration list for PBXNativeTarget "CWBFramework" */ = {
			isa = XCConfigurationList;
			buildConfigurations = (
				AF6627311D4C3F0A00D71FAF /* Debug */,
				AF6627321D4C3F0A00D71FAF /* Release */,
			);
			defaultConfigurationIsVisible = 0;
			defaultConfigurationName = Release;
		};
		AFD08D651D52C76500AE00AF /* Build configuration list for PBXNativeTarget "CWBFrameworkUITests" */ = {
			isa = XCConfigurationList;
			buildConfigurations = (
				AFD08D631D52C76500AE00AF /* Debug */,
				AFD08D641D52C76500AE00AF /* Release */,
			);
			defaultConfigurationIsVisible = 0;
			defaultConfigurationName = Release;
		};
		AFD08D711D52C77C00AE00AF /* Build configuration list for PBXNativeTarget "CWBFrameworkTests" */ = {
			isa = XCConfigurationList;
			buildConfigurations = (
				AFD08D721D52C77C00AE00AF /* Debug */,
				AFD08D731D52C77C00AE00AF /* Release */,
			);
			defaultConfigurationIsVisible = 0;
			defaultConfigurationName = Release;
		};
/* End XCConfigurationList section */
	};
	rootObject = AF6627111D4C3F0A00D71FAF /* Project object */;
}
